
Microsoft Visual Studio Solution File, Format Version 11.00
# Visual Studio 2010
Project("{FAE04EC0-301F-11D3-BF4B-00C04F79EFBC}") = "ash", "ash\ash.csproj", "{247EBD6E-579A-4C52-9377-C6B1C133106B}"
	ProjectSection(ProjectDependencies) = postProject
		{1F610117-C0CF-4831-8EF2-9528107DA0F6} = {1F610117-C0CF-4831-8EF2-9528107DA0F6}
	EndProjectSection
EndProject
Project("{FAE04EC0-301F-11D3-BF4B-00C04F79EFBC}") = "model", "model\model.csproj", "{1F610117-C0CF-4831-8EF2-9528107DA0F6}"
EndProject
Project("{FAE04EC0-301F-11D3-BF4B-00C04F79EFBC}") = "spring.ibatis", "spring.ibatis\spring.ibatis.csproj", "{72D35B78-6168-4C2F-AA9C-79B2B9DC1508}"
EndProject
Global
	GlobalSection(SubversionScc) = preSolution
		Svn-Managed = True
		Manager = AnkhSVN - Subversion Support for Visual Studio
	EndGlobalSection
	GlobalSection(SolutionConfigurationPlatforms) = preSolution
		Debug|Any CPU = Debug|Any CPU
		Release|Any CPU = Release|Any CPU
	EndGlobalSection
	GlobalSection(ProjectConfigurationPlatforms) = postSolution
		{247EBD6E-579A-4C52-9377-C6B1C133106B}.Debug|Any CPU.ActiveCfg = Debug|Any CPU
		{247EBD6E-579A-4C52-9377-C6B1C133106B}.Debug|Any CPU.Build.0 = Debug|Any CPU
		{247EBD6E-579A-4C52-9377-C6B1C133106B}.Release|Any CPU.ActiveCfg = Release|Any CPU
		{247EBD6E-579A-4C52-9377-C6B1C133106B}.Release|Any CPU.Build.0 = Release|Any CPU
		{1F610117-C0CF-4831-8EF2-9528107DA0F6}.Debug|Any CPU.ActiveCfg = Debug|Any CPU
		{1F610117-C0CF-4831-8EF2-9528107DA0F6}.Debug|Any CPU.Build.0 = Debug|Any CPU
		{1F610117-C0CF-4831-8EF2-9528107DA0F6}.Release|Any CPU.ActiveCfg = Release|Any CPU
		{1F610117-C0CF-4831-8EF2-9528107DA0F6}.Release|Any CPU.Build.0 = Release|Any CPU
		{72D35B78-6168-4C2F-AA9C-79B2B9DC1508}.Debug|Any CPU.ActiveCfg = Debug|Any CPU
		{72D35B78-6168-4C2F-AA9C-79B2B9DC1508}.Debug|Any CPU.Build.0 = Debug|Any CPU
		{72D35B78-6168-4C2F-AA9C-79B2B9DC1508}.Release|Any CPU.ActiveCfg = Release|Any CPU
		{72D35B78-6168-4C2F-AA9C-79B2B9DC1508}.Release|Any CPU.Build.0 = Release|Any CPU
	EndGlobalSection
	GlobalSection(SolutionProperties) = preSolution
		HideSolutionNode = FALSE
	EndGlobalSection
EndGlobal
